
Microsoft Visual Studio Solution File, Format Version 12.00
# Visual Studio Version 17
VisualStudioVersion = 17.5.33530.505
MinimumVisualStudioVersion = 10.0.40219.1
Project("{888888A0-9F3D-457C-B088-3A5042F75D52}") = "Projekt", "Projekt.pyproj", "{4C18D365-400E-473D-B96A-14CE0953A9F4}"
EndProject
Global
	GlobalSection(SolutionConfigurationPlatforms) = preSolution
		Debug|Any CPU = Debug|Any CPU
		Release|Any CPU = Release|Any CPU
	EndGlobalSection
	GlobalSection(ProjectConfigurationPlatforms) = postSolution
		{4C18D365-400E-473D-B96A-14CE0953A9F4}.Debug|Any CPU.ActiveCfg = Debug|Any CPU
		{4C18D365-400E-473D-B96A-14CE0953A9F4}.Release|Any CPU.ActiveCfg = Release|Any CPU
	EndGlobalSection
	GlobalSection(SolutionProperties) = preSolution
		HideSolutionNode = FALSE
	EndGlobalSection
	GlobalSection(ExtensibilityGlobals) = postSolution
		SolutionGuid = {ABAD5535-27EB-4A3F-A4EF-362D4408D0F5}
	EndGlobalSection
EndGlobal
